
Microsoft Visual Studio Solution File, Format Version 12.00
# Visual Studio Version 16
VisualStudioVersion = 16.0.808.7
MinimumVisualStudioVersion = 10.0.40219.1
Project("{FAE04EC0-301F-11D3-BF4B-00C04F79EFBC}") = "CronParser", "CronParser\CronParser.csproj", "{5DDBEEA6-A1DF-4750-9547-C98A81A98091}"
EndProject
Global
	GlobalSection(SolutionConfigurationPlatforms) = preSolution
		Debug|Any CPU = Debug|Any CPU
		Release|Any CPU = Release|Any CPU
	EndGlobalSection
	GlobalSection(ProjectConfigurationPlatforms) = postSolution
		{5DDBEEA6-A1DF-4750-9547-C98A81A98091}.Debug|Any CPU.ActiveCfg = Debug|Any CPU
		{5DDBEEA6-A1DF-4750-9547-C98A81A98091}.Debug|Any CPU.Build.0 = Debug|Any CPU
		{5DDBEEA6-A1DF-4750-9547-C98A81A98091}.Release|Any CPU.ActiveCfg = Release|Any CPU
		{5DDBEEA6-A1DF-4750-9547-C98A81A98091}.Release|Any CPU.Build.0 = Release|Any CPU
	EndGlobalSection
	GlobalSection(SolutionProperties) = preSolution
		HideSolutionNode = FALSE
	EndGlobalSection
	GlobalSection(ExtensibilityGlobals) = postSolution
		SolutionGuid = {1F033983-4505-4F83-B653-93FFA511374E}
	EndGlobalSection
EndGlobal
